// !$*UTF8*$!
{
	archiveVersion = 1;
	classes = {
	};
	objectVersion = 46;
	objects = {

/* Begin PBXBuildFile section */
		6AE3102DA9BF4540E099FFDC /* Pods_RunCapture.framework in Frameworks */ = {isa = PBXBuildFile; fileRef = 96D6AF7C4B59B4531B2EC38E /* Pods_RunCapture.framework */; };
		E57472D26505E686DB0ED212 /* Pods_RunCaptureTests.framework in Frameworks */ = {isa = PBXBuildFile; fileRef = AF965E2C22BD9B6CC59DBC33 /* Pods_RunCaptureTests.framework */; };
		FB1A69F51C87C26000E374BA /* Location.swift in Sources */ = {isa = PBXBuildFile; fileRef = FB1A69F41C87C26000E374BA /* Location.swift */; };
		FB3407FE1C8A9EF7009614C2 /* RouteUpload.swift in Sources */ = {isa = PBXBuildFile; fileRef = FB3407FD1C8A9EF7009614C2 /* RouteUpload.swift */; };
		FB438EAD1C83D075009FA67E /* AppDelegate.swift in Sources */ = {isa = PBXBuildFile; fileRef = FB438EAC1C83D075009FA67E /* AppDelegate.swift */; };
		FB438EAF1C83D075009FA67E /* SetupController.swift in Sources */ = {isa = PBXBuildFile; fileRef = FB438EAE1C83D075009FA67E /* SetupController.swift */; };
		FB438EB21C83D075009FA67E /* Main.storyboard in Resources */ = {isa = PBXBuildFile; fileRef = FB438EB01C83D075009FA67E /* Main.storyboard */; };
		FB438EB41C83D075009FA67E /* Assets.xcassets in Resources */ = {isa = PBXBuildFile; fileRef = FB438EB31C83D075009FA67E /* Assets.xcassets */; };
		FB438EB71C83D075009FA67E /* LaunchScreen.storyboard in Resources */ = {isa = PBXBuildFile; fileRef = FB438EB51C83D075009FA67E /* LaunchScreen.storyboard */; };
		FB438EC21C83D075009FA67E /* RunCaptureTests.swift in Sources */ = {isa = PBXBuildFile; fileRef = FB438EC11C83D075009FA67E /* RunCaptureTests.swift */; };
		FB438ECD1C83D075009FA67E /* RunCaptureUITests.swift in Sources */ = {isa = PBXBuildFile; fileRef = FB438ECC1C83D075009FA67E /* RunCaptureUITests.swift */; };
		FB438EDB1C83DAB2009FA67E /* CaptureController.swift in Sources */ = {isa = PBXBuildFile; fileRef = FB438EDA1C83DAB2009FA67E /* CaptureController.swift */; };
		FB7C1AE51C8556C700CA8CEB /* URL.swift in Sources */ = {isa = PBXBuildFile; fileRef = FB7C1AE41C8556C700CA8CEB /* URL.swift */; };
		FBF9AF871D442B9F00734B1A /* FileList.swift in Sources */ = {isa = PBXBuildFile; fileRef = FBF9AF861D442B9F00734B1A /* FileList.swift */; };
		FC502F508B2207D8C7F6155E /* Pods_RunCaptureUITests.framework in Frameworks */ = {isa = PBXBuildFile; fileRef = 1832DAC10F64F7474567FD5B /* Pods_RunCaptureUITests.framework */; };
/* End PBXBuildFile section */

/* Begin PBXContainerItemProxy section */
		FB438EBE1C83D075009FA67E /* PBXContainerItemProxy */ = {
			isa = PBXContainerItemProxy;
			containerPortal = FB438EA11C83D075009FA67E /* Project object */;
			proxyType = 1;
			remoteGlobalIDString = FB438EA81C83D075009FA67E;
			remoteInfo = RunCapture;
		};
		FB438EC91C83D075009FA67E /* PBXContainerItemProxy */ = {
			isa = PBXContainerItemProxy;
			containerPortal = FB438EA11C83D075009FA67E /* Project object */;
			proxyType = 1;
			remoteGlobalIDString = FB438EA81C83D075009FA67E;
			remoteInfo = RunCapture;
		};
/* End PBXContainerItemProxy section */

/* Begin PBXFileReference section */
		1832DAC10F64F7474567FD5B /* Pods_RunCaptureUITests.framework */ = {isa = PBXFileReference; explicitFileType = wrapper.framework; includeInIndex = 0; path = Pods_RunCaptureUITests.framework; sourceTree = BUILT_PRODUCTS_DIR; };
		201235A61467E2CEE92DA631 /* Pods-RunCapture.debug.xcconfig */ = {isa = PBXFileReference; includeInIndex = 1; lastKnownFileType = text.xcconfig; name = "Pods-RunCapture.debug.xcconfig"; path = "Pods/Target Support Files/Pods-RunCapture/Pods-RunCapture.debug.xcconfig"; sourceTree = "<group>"; };
		2DA12389259173E4A05A0D15 /* Pods-RunCaptureUITests.debug.xcconfig */ = {isa = PBXFileReference; includeInIndex = 1; lastKnownFileType = text.xcconfig; name = "Pods-RunCaptureUITests.debug.xcconfig"; path = "Pods/Target Support Files/Pods-RunCaptureUITests/Pods-RunCaptureUITests.debug.xcconfig"; sourceTree = "<group>"; };
		391A2414EEB22F7F6859239C /* Pods-RunCaptureTests.debug.xcconfig */ = {isa = PBXFileReference; includeInIndex = 1; lastKnownFileType = text.xcconfig; name = "Pods-RunCaptureTests.debug.xcconfig"; path = "Pods/Target Support Files/Pods-RunCaptureTests/Pods-RunCaptureTests.debug.xcconfig"; sourceTree = "<group>"; };
		8FC6DDD182F03320F5C0E442 /* Pods-RunCapture.release.xcconfig */ = {isa = PBXFileReference; includeInIndex = 1; lastKnownFileType = text.xcconfig; name = "Pods-RunCapture.release.xcconfig"; path = "Pods/Target Support Files/Pods-RunCapture/Pods-RunCapture.release.xcconfig"; sourceTree = "<group>"; };
		96D6AF7C4B59B4531B2EC38E /* Pods_RunCapture.framework */ = {isa = PBXFileReference; explicitFileType = wrapper.framework; includeInIndex = 0; path = Pods_RunCapture.framework; sourceTree = BUILT_PRODUCTS_DIR; };
		AF965E2C22BD9B6CC59DBC33 /* Pods_RunCaptureTests.framework */ = {isa = PBXFileReference; explicitFileType = wrapper.framework; includeInIndex = 0; path = Pods_RunCaptureTests.framework; sourceTree = BUILT_PRODUCTS_DIR; };
		DA2AF3430FEF4EB13138B869 /* Pods-RunCaptureTests.release.xcconfig */ = {isa = PBXFileReference; includeInIndex = 1; lastKnownFileType = text.xcconfig; name = "Pods-RunCaptureTests.release.xcconfig"; path = "Pods/Target Support Files/Pods-RunCaptureTests/Pods-RunCaptureTests.release.xcconfig"; sourceTree = "<group>"; };
		FB1A69F41C87C26000E374BA /* Location.swift */ = {isa = PBXFileReference; fileEncoding = 4; lastKnownFileType = sourcecode.swift; path = Location.swift; sourceTree = "<group>"; };
		FB3407FD1C8A9EF7009614C2 /* RouteUpload.swift */ = {isa = PBXFileReference; fileEncoding = 4; lastKnownFileType = sourcecode.swift; path = RouteUpload.swift; sourceTree = "<group>"; };
		FB438EA91C83D075009FA67E /* RunCapture.app */ = {isa = PBXFileReference; explicitFileType = wrapper.application; includeInIndex = 0; path = RunCapture.app; sourceTree = BUILT_PRODUCTS_DIR; };
		FB438EAC1C83D075009FA67E /* AppDelegate.swift */ = {isa = PBXFileReference; lastKnownFileType = sourcecode.swift; path = AppDelegate.swift; sourceTree = "<group>"; };
		FB438EAE1C83D075009FA67E /* SetupController.swift */ = {isa = PBXFileReference; lastKnownFileType = sourcecode.swift; path = SetupController.swift; sourceTree = "<group>"; };
		FB438EB11C83D075009FA67E /* Base */ = {isa = PBXFileReference; lastKnownFileType = file.storyboard; name = Base; path = Base.lproj/Main.storyboard; sourceTree = "<group>"; };
		FB438EB31C83D075009FA67E /* Assets.xcassets */ = {isa = PBXFileReference; lastKnownFileType = folder.assetcatalog; path = Assets.xcassets; sourceTree = "<group>"; };
		FB438EB61C83D075009FA67E /* Base */ = {isa = PBXFileReference; lastKnownFileType = file.storyboard; name = Base; path = Base.lproj/LaunchScreen.storyboard; sourceTree = "<group>"; };
		FB438EB81C83D075009FA67E /* Info.plist */ = {isa = PBXFileReference; lastKnownFileType = text.plist.xml; path = Info.plist; sourceTree = "<group>"; };
		FB438EBD1C83D075009FA67E /* RunCaptureTests.xctest */ = {isa = PBXFileReference; explicitFileType = wrapper.cfbundle; includeInIndex = 0; path = RunCaptureTests.xctest; sourceTree = BUILT_PRODUCTS_DIR; };
		FB438EC11C83D075009FA67E /* RunCaptureTests.swift */ = {isa = PBXFileReference; lastKnownFileType = sourcecode.swift; path = RunCaptureTests.swift; sourceTree = "<group>"; };
		FB438EC31C83D075009FA67E /* Info.plist */ = {isa = PBXFileReference; lastKnownFileType = text.plist.xml; path = Info.plist; sourceTree = "<group>"; };
		FB438EC81C83D075009FA67E /* RunCaptureUITests.xctest */ = {isa = PBXFileReference; explicitFileType = wrapper.cfbundle; includeInIndex = 0; path = RunCaptureUITests.xctest; sourceTree = BUILT_PRODUCTS_DIR; };
		FB438ECC1C83D075009FA67E /* RunCaptureUITests.swift */ = {isa = PBXFileReference; lastKnownFileType = sourcecode.swift; path = RunCaptureUITests.swift; sourceTree = "<group>"; };
		FB438ECE1C83D075009FA67E /* Info.plist */ = {isa = PBXFileReference; lastKnownFileType = text.plist.xml; path = Info.plist; sourceTree = "<group>"; };
		FB438EDA1C83DAB2009FA67E /* CaptureController.swift */ = {isa = PBXFileReference; fileEncoding = 4; lastKnownFileType = sourcecode.swift; path = CaptureController.swift; sourceTree = "<group>"; };
		FB7C1AE41C8556C700CA8CEB /* URL.swift */ = {isa = PBXFileReference; fileEncoding = 4; lastKnownFileType = sourcecode.swift; path = URL.swift; sourceTree = "<group>"; };
		FBF9AF861D442B9F00734B1A /* FileList.swift */ = {isa = PBXFileReference; fileEncoding = 4; lastKnownFileType = sourcecode.swift; path = FileList.swift; sourceTree = "<group>"; };
		FFEDBCAAED2AC6E4A3D0AA4E /* Pods-RunCaptureUITests.release.xcconfig */ = {isa = PBXFileReference; includeInIndex = 1; lastKnownFileType = text.xcconfig; name = "Pods-RunCaptureUITests.release.xcconfig"; path = "Pods/Target Support Files/Pods-RunCaptureUITests/Pods-RunCaptureUITests.release.xcconfig"; sourceTree = "<group>"; };
/* End PBXFileReference section */

/* Begin PBXFrameworksBuildPhase section */
		FB438EA61C83D075009FA67E /* Frameworks */ = {
			isa = PBXFrameworksBuildPhase;
			buildActionMask = 2147483647;
			files = (
				6AE3102DA9BF4540E099FFDC /* Pods_RunCapture.framework in Frameworks */,
			);
			runOnlyForDeploymentPostprocessing = 0;
		};
		FB438EBA1C83D075009FA67E /* Frameworks */ = {
			isa = PBXFrameworksBuildPhase;
			buildActionMask = 2147483647;
			files = (
				E57472D26505E686DB0ED212 /* Pods_RunCaptureTests.framework in Frameworks */,
			);
			runOnlyForDeploymentPostprocessing = 0;
		};
		FB438EC51C83D075009FA67E /* Frameworks */ = {
			isa = PBXFrameworksBuildPhase;
			buildActionMask = 2147483647;
			files = (
				FC502F508B2207D8C7F6155E /* Pods_RunCaptureUITests.framework in Frameworks */,
			);
			runOnlyForDeploymentPostprocessing = 0;
		};
/* End PBXFrameworksBuildPhase section */

/* Begin PBXGroup section */
		2E56244E95213637C2670420 /* Pods */ = {
			isa = PBXGroup;
			children = (
				201235A61467E2CEE92DA631 /* Pods-RunCapture.debug.xcconfig */,
				8FC6DDD182F03320F5C0E442 /* Pods-RunCapture.release.xcconfig */,
				391A2414EEB22F7F6859239C /* Pods-RunCaptureTests.debug.xcconfig */,
				DA2AF3430FEF4EB13138B869 /* Pods-RunCaptureTests.release.xcconfig */,
				2DA12389259173E4A05A0D15 /* Pods-RunCaptureUITests.debug.xcconfig */,
				FFEDBCAAED2AC6E4A3D0AA4E /* Pods-RunCaptureUITests.release.xcconfig */,
			);
			name = Pods;
			sourceTree = "<group>";
		};
		BF257B185044D639E95DE6D4 /* Frameworks */ = {
			isa = PBXGroup;
			children = (
				96D6AF7C4B59B4531B2EC38E /* Pods_RunCapture.framework */,
				AF965E2C22BD9B6CC59DBC33 /* Pods_RunCaptureTests.framework */,
				1832DAC10F64F7474567FD5B /* Pods_RunCaptureUITests.framework */,
			);
			name = Frameworks;
			sourceTree = "<group>";
		};
		FB438EA01C83D075009FA67E = {
			isa = PBXGroup;
			children = (
				FB438EAB1C83D075009FA67E /* RunCapture */,
				FB438EC01C83D075009FA67E /* RunCaptureTests */,
				FB438ECB1C83D075009FA67E /* RunCaptureUITests */,
				FB438EAA1C83D075009FA67E /* Products */,
				2E56244E95213637C2670420 /* Pods */,
				BF257B185044D639E95DE6D4 /* Frameworks */,
			);
			sourceTree = "<group>";
		};
		FB438EAA1C83D075009FA67E /* Products */ = {
			isa = PBXGroup;
			children = (
				FB438EA91C83D075009FA67E /* RunCapture.app */,
				FB438EBD1C83D075009FA67E /* RunCaptureTests.xctest */,
				FB438EC81C83D075009FA67E /* RunCaptureUITests.xctest */,
			);
			name = Products;
			sourceTree = "<group>";
		};
		FB438EAB1C83D075009FA67E /* RunCapture */ = {
			isa = PBXGroup;
			children = (
				FB438EAC1C83D075009FA67E /* AppDelegate.swift */,
				FB438EAE1C83D075009FA67E /* SetupController.swift */,
				FB438EB01C83D075009FA67E /* Main.storyboard */,
				FB438EB31C83D075009FA67E /* Assets.xcassets */,
				FB438EB51C83D075009FA67E /* LaunchScreen.storyboard */,
				FB438EB81C83D075009FA67E /* Info.plist */,
				FB438EDA1C83DAB2009FA67E /* CaptureController.swift */,
				FB7C1AE41C8556C700CA8CEB /* URL.swift */,
				FB1A69F41C87C26000E374BA /* Location.swift */,
				FB3407FD1C8A9EF7009614C2 /* RouteUpload.swift */,
				FBF9AF861D442B9F00734B1A /* FileList.swift */,
			);
			path = RunCapture;
			sourceTree = "<group>";
		};
		FB438EC01C83D075009FA67E /* RunCaptureTests */ = {
			isa = PBXGroup;
			children = (
				FB438EC11C83D075009FA67E /* RunCaptureTests.swift */,
				FB438EC31C83D075009FA67E /* Info.plist */,
			);
			path = RunCaptureTests;
			sourceTree = "<group>";
		};
		FB438ECB1C83D075009FA67E /* RunCaptureUITests */ = {
			isa = PBXGroup;
			children = (
				FB438ECC1C83D075009FA67E /* RunCaptureUITests.swift */,
				FB438ECE1C83D075009FA67E /* Info.plist */,
			);
			path = RunCaptureUITests;
			sourceTree = "<group>";
		};
/* End PBXGroup section */

/* Begin PBXNativeTarget section */
		FB438EA81C83D075009FA67E /* RunCapture */ = {
			isa = PBXNativeTarget;
			buildConfigurationList = FB438ED11C83D075009FA67E /* Build configuration list for PBXNativeTarget "RunCapture" */;
			buildPhases = (
				24CBA7B22B98D9B400884941 /* [CP] Check Pods Manifest.lock */,
				FB438EA51C83D075009FA67E /* Sources */,
				FB438EA61C83D075009FA67E /* Frameworks */,
				FB438EA71C83D075009FA67E /* Resources */,
				099E7B267471639365F3F542 /* [CP] Embed Pods Frameworks */,
				2904B0191F264DAFBA01FE01 /* [CP] Copy Pods Resources */,
			);
			buildRules = (
			);
			dependencies = (
			);
			name = RunCapture;
			productName = RunCapture;
			productReference = FB438EA91C83D075009FA67E /* RunCapture.app */;
			productType = "com.apple.product-type.application";
		};
		FB438EBC1C83D075009FA67E /* RunCaptureTests */ = {
			isa = PBXNativeTarget;
			buildConfigurationList = FB438ED41C83D075009FA67E /* Build configuration list for PBXNativeTarget "RunCaptureTests" */;
			buildPhases = (
				92641314C79A58CD7F894AD9 /* [CP] Check Pods Manifest.lock */,
				FB438EB91C83D075009FA67E /* Sources */,
				FB438EBA1C83D075009FA67E /* Frameworks */,
				FB438EBB1C83D075009FA67E /* Resources */,
				0FD27F1E93EDF76406517D2F /* [CP] Embed Pods Frameworks */,
				A951245994CD8B027AC8C8DD /* [CP] Copy Pods Resources */,
			);
			buildRules = (
			);
			dependencies = (
				FB438EBF1C83D075009FA67E /* PBXTargetDependency */,
			);
			name = RunCaptureTests;
			productName = RunCaptureTests;
			productReference = FB438EBD1C83D075009FA67E /* RunCaptureTests.xctest */;
			productType = "com.apple.product-type.bundle.unit-test";
		};
		FB438EC71C83D075009FA67E /* RunCaptureUITests */ = {
			isa = PBXNativeTarget;
			buildConfigurationList = FB438ED71C83D075009FA67E /* Build configuration list for PBXNativeTarget "RunCaptureUITests" */;
			buildPhases = (
				E77F1D53EDFFC289ACA29AF4 /* [CP] Check Pods Manifest.lock */,
				FB438EC41C83D075009FA67E /* Sources */,
				FB438EC51C83D075009FA67E /* Frameworks */,
				FB438EC61C83D075009FA67E /* Resources */,
				0D94F9FA13702AC1B9CA3B3C /* [CP] Copy Pods Resources */,
			);
			buildRules = (
			);
			dependencies = (
				FB438ECA1C83D075009FA67E /* PBXTargetDependency */,
			);
			name = RunCaptureUITests;
			productName = RunCaptureUITests;
			productReference = FB438EC81C83D075009FA67E /* RunCaptureUITests.xctest */;
			productType = "com.apple.product-type.bundle.ui-testing";
		};
/* End PBXNativeTarget section */

/* Begin PBXProject section */
		FB438EA11C83D075009FA67E /* Project object */ = {
			isa = PBXProject;
			attributes = {
				LastSwiftUpdateCheck = 0720;
				LastUpgradeCheck = 0720;
				ORGANIZATIONNAME = "Daniel Sauble";
				TargetAttributes = {
					FB438EA81C83D075009FA67E = {
						CreatedOnToolsVersion = 7.2;
						DevelopmentTeam = FSEU58LZ4A;
					};
					FB438EBC1C83D075009FA67E = {
						CreatedOnToolsVersion = 7.2;
						TestTargetID = FB438EA81C83D075009FA67E;
					};
					FB438EC71C83D075009FA67E = {
						CreatedOnToolsVersion = 7.2;
						TestTargetID = FB438EA81C83D075009FA67E;
					};
				};
			};
			buildConfigurationList = FB438EA41C83D075009FA67E /* Build configuration list for PBXProject "RunCapture" */;
			compatibilityVersion = "Xcode 3.2";
			developmentRegion = English;
			hasScannedForEncodings = 0;
			knownRegions = (
				en,
				Base,
			);
			mainGroup = FB438EA01C83D075009FA67E;
			productRefGroup = FB438EAA1C83D075009FA67E /* Products */;
			projectDirPath = "";
			projectRoot = "";
			targets = (
				FB438EA81C83D075009FA67E /* RunCapture */,
				FB438EBC1C83D075009FA67E /* RunCaptureTests */,
				FB438EC71C83D075009FA67E /* RunCaptureUITests */,
			);
		};
/* End PBXProject section */

/* Begin PBXResourcesBuildPhase section */
		FB438EA71C83D075009FA67E /* Resources */ = {
			isa = PBXResourcesBuildPhase;
			buildActionMask = 2147483647;
			files = (
				FB438EB71C83D075009FA67E /* LaunchScreen.storyboard in Resources */,
				FB438EB41C83D075009FA67E /* Assets.xcassets in Resources */,
				FB438EB21C83D075009FA67E /* Main.storyboard in Resources */,
			);
			runOnlyForDeploymentPostprocessing = 0;
		};
		FB438EBB1C83D075009FA67E /* Resources */ = {
			isa = PBXResourcesBuildPhase;
			buildActionMask = 2147483647;
			files = (
			);
			runOnlyForDeploymentPostprocessing = 0;
		};
		FB438EC61C83D075009FA67E /* Resources */ = {
			isa = PBXResourcesBuildPhase;
			buildActionMask = 2147483647;
			files = (
			);
			runOnlyForDeploymentPostprocessing = 0;
		};
/* End PBXResourcesBuildPhase section */

/* Begin PBXShellScriptBuildPhase section */
		099E7B267471639365F3F542 /* [CP] Embed Pods Frameworks */ = {
			isa = PBXShellScriptBuildPhase;
			buildActionMask = 2147483647;
			files = (
			);
			inputPaths = (
			);
			name = "[CP] Embed Pods Frameworks";
			outputPaths = (
			);
			runOnlyForDeploymentPostprocessing = 0;
			shellPath = /bin/sh;
			shellScript = "\"${SRCROOT}/Pods/Target Support Files/Pods-RunCapture/Pods-RunCapture-frameworks.sh\"\n";
			showEnvVarsInLog = 0;
		};
		0D94F9FA13702AC1B9CA3B3C /* [CP] Copy Pods Resources */ = {
			isa = PBXShellScriptBuildPhase;
			buildActionMask = 2147483647;
			files = (
			);
			inputPaths = (
			);
			name = "[CP] Copy Pods Resources";
			outputPaths = (
			);
			runOnlyForDeploymentPostprocessing = 0;
			shellPath = /bin/sh;
			shellScript = "\"${SRCROOT}/Pods/Target Support Files/Pods-RunCaptureUITests/Pods-RunCaptureUITests-resources.sh\"\n";
			showEnvVarsInLog = 0;
		};
		0FD27F1E93EDF76406517D2F /* [CP] Embed Pods Frameworks */ = {
			isa = PBXShellScriptBuildPhase;
			buildActionMask = 2147483647;
			files = (
			);
			inputPaths = (
			);
			name = "[CP] Embed Pods Frameworks";
			outputPaths = (
			);
			runOnlyForDeploymentPostprocessing = 0;
			shellPath = /bin/sh;
			shellScript = "\"${SRCROOT}/Pods/Target Support Files/Pods-RunCaptureTests/Pods-RunCaptureTests-frameworks.sh\"\n";
			showEnvVarsInLog = 0;
		};
		24CBA7B22B98D9B400884941 /* [CP] Check Pods Manifest.lock */ = {
			isa = PBXShellScriptBuildPhase;
			buildActionMask = 2147483647;
			files = (
			);
			inputPaths = (
			);
			name = "[CP] Check Pods Manifest.lock";
			outputPaths = (
			);
			runOnlyForDeploymentPostprocessing = 0;
			shellPath = /bin/sh;
			shellScript = "diff \"${PODS_ROOT}/../Podfile.lock\" \"${PODS_ROOT}/Manifest.lock\" > /dev/null\nif [[ $? != 0 ]] ; then\n    cat << EOM\nerror: The sandbox is not in sync with the Podfile.lock. Run 'pod install' or update your CocoaPods installation.\nEOM\n    exit 1\nfi\n";
			showEnvVarsInLog = 0;
		};
		2904B0191F264DAFBA01FE01 /* [CP] Copy Pods Resources */ = {
			isa = PBXShellScriptBuildPhase;
			buildActionMask = 2147483647;
			files = (
			);
			inputPaths = (
			);
			name = "[CP] Copy Pods Resources";
			outputPaths = (
			);
			runOnlyForDeploymentPostprocessing = 0;
			shellPath = /bin/sh;
			shellScript = "\"${SRCROOT}/Pods/Target Support Files/Pods-RunCapture/Pods-RunCapture-resources.sh\"\n";
			showEnvVarsInLog = 0;
		};
		92641314C79A58CD7F894AD9 /* [CP] Check Pods Manifest.lock */ = {
			isa = PBXShellScriptBuildPhase;
			buildActionMask = 2147483647;
			files = (
			);
			inputPaths = (
			);
			name = "[CP] Check Pods Manifest.lock";
			outputPaths = (
			);
			runOnlyForDeploymentPostprocessing = 0;
			shellPath = /bin/sh;
			shellScript = "diff \"${PODS_ROOT}/../Podfile.lock\" \"${PODS_ROOT}/Manifest.lock\" > /dev/null\nif [[ $? != 0 ]] ; then\n    cat << EOM\nerror: The sandbox is not in sync with the Podfile.lock. Run 'pod install' or update your CocoaPods installation.\nEOM\n    exit 1\nfi\n";
			showEnvVarsInLog = 0;
		};
		A951245994CD8B027AC8C8DD /* [CP] Copy Pods Resources */ = {
			isa = PBXShellScriptBuildPhase;
			buildActionMask = 2147483647;
			files = (
			);
			inputPaths = (
			);
			name = "[CP] Copy Pods Resources";
			outputPaths = (
			);
			runOnlyForDeploymentPostprocessing = 0;
			shellPath = /bin/sh;
			shellScript = "\"${SRCROOT}/Pods/Target Support Files/Pods-RunCaptureTests/Pods-RunCaptureTests-resources.sh\"\n";
			showEnvVarsInLog = 0;
		};
		E77F1D53EDFFC289ACA29AF4 /* [CP] Check Pods Manifest.lock */ = {
			isa = PBXShellScriptBuildPhase;
			buildActionMask = 2147483647;
			files = (
			);
			inputPaths = (
			);
			name = "[CP] Check Pods Manifest.lock";
			outputPaths = (
			);
			runOnlyForDeploymentPostprocessing = 0;
			shellPath = /bin/sh;
			shellScript = "diff \"${PODS_ROOT}/../Podfile.lock\" \"${PODS_ROOT}/Manifest.lock\" > /dev/null\nif [[ $? != 0 ]] ; then\n    cat << EOM\nerror: The sandbox is not in sync with the Podfile.lock. Run 'pod install' or update your CocoaPods installation.\nEOM\n    exit 1\nfi\n";
			showEnvVarsInLog = 0;
		};
/* End PBXShellScriptBuildPhase section */

/* Begin PBXSourcesBuildPhase section */
		FB438EA51C83D075009FA67E /* Sources */ = {
			isa = PBXSourcesBuildPhase;
			buildActionMask = 2147483647;
			files = (
				FB3407FE1C8A9EF7009614C2 /* RouteUpload.swift in Sources */,
				FB438EDB1C83DAB2009FA67E /* CaptureController.swift in Sources */,
				FB438EAF1C83D075009FA67E /* SetupController.swift in Sources */,
				FB1A69F51C87C26000E374BA /* Location.swift in Sources */,
				FBF9AF871D442B9F00734B1A /* FileList.swift in Sources */,
				FB438EAD1C83D075009FA67E /* AppDelegate.swift in Sources */,
				FB7C1AE51C8556C700CA8CEB /* URL.swift in Sources */,
			);
			runOnlyForDeploymentPostprocessing = 0;
		};
		FB438EB91C83D075009FA67E /* Sources */ = {
			isa = PBXSourcesBuildPhase;
			buildActionMask = 2147483647;
			files = (
				FB438EC21C83D075009FA67E /* RunCaptureTests.swift in Sources */,
			);
			runOnlyForDeploymentPostprocessing = 0;
		};
		FB438EC41C83D075009FA67E /* Sources */ = {
			isa = PBXSourcesBuildPhase;
			buildActionMask = 2147483647;
			files = (
				FB438ECD1C83D075009FA67E /* RunCaptureUITests.swift in Sources */,
			);
			runOnlyForDeploymentPostprocessing = 0;
		};
/* End PBXSourcesBuildPhase section */

/* Begin PBXTargetDependency section */
		FB438EBF1C83D075009FA67E /* PBXTargetDependency */ = {
			isa = PBXTargetDependency;
			target = FB438EA81C83D075009FA67E /* RunCapture */;
			targetProxy = FB438EBE1C83D075009FA67E /* PBXContainerItemProxy */;
		};
		FB438ECA1C83D075009FA67E /* PBXTargetDependency */ = {
			isa = PBXTargetDependency;
			target = FB438EA81C83D075009FA67E /* RunCapture */;
			targetProxy = FB438EC91C83D075009FA67E /* PBXContainerItemProxy */;
		};
/* End PBXTargetDependency section */

/* Begin PBXVariantGroup section */
		FB438EB01C83D075009FA67E /* Main.storyboard */ = {
			isa = PBXVariantGroup;
			children = (
				FB438EB11C83D075009FA67E /* Base */,
			);
			name = Main.storyboard;
			sourceTree = "<group>";
		};
		FB438EB51C83D075009FA67E /* LaunchScreen.storyboard */ = {
			isa = PBXVariantGroup;
			children = (
				FB438EB61C83D075009FA67E /* Base */,
			);
			name = LaunchScreen.storyboard;
			sourceTree = "<group>";
		};
/* End PBXVariantGroup section */

/* Begin XCBuildConfiguration section */
		FB438ECF1C83D075009FA67E /* Debug */ = {
			isa = XCBuildConfiguration;
			buildSettings = {
				ALWAYS_SEARCH_USER_PATHS = NO;
				CLANG_CXX_LANGUAGE_STANDARD = "gnu++0x";
				CLANG_CXX_LIBRARY = "libc++";
				CLANG_ENABLE_MODULES = YES;
				CLANG_ENABLE_OBJC_ARC = YES;
				CLANG_WARN_BOOL_CONVERSION = YES;
				CLANG_WARN_CONSTANT_CONVERSION = YES;
				CLANG_WARN_DIRECT_OBJC_ISA_USAGE = YES_ERROR;
				CLANG_WARN_EMPTY_BODY = YES;
				CLANG_WARN_ENUM_CONVERSION = YES;
				CLANG_WARN_INT_CONVERSION = YES;
				CLANG_WARN_OBJC_ROOT_CLASS = YES_ERROR;
				CLANG_WARN_UNREACHABLE_CODE = YES;
				CLANG_WARN__DUPLICATE_METHOD_MATCH = YES;
				"CODE_SIGN_IDENTITY[sdk=iphoneos*]" = "iPhone Developer";
				COPY_PHASE_STRIP = NO;
				DEBUG_INFORMATION_FORMAT = dwarf;
				EMBEDDED_CONTENT_CONTAINS_SWIFT = YES;
				ENABLE_STRICT_OBJC_MSGSEND = YES;
				ENABLE_TESTABILITY = YES;
				GCC_C_LANGUAGE_STANDARD = gnu99;
				GCC_DYNAMIC_NO_PIC = NO;
				GCC_NO_COMMON_BLOCKS = YES;
				GCC_OPTIMIZATION_LEVEL = 0;
				GCC_PREPROCESSOR_DEFINITIONS = (
					"DEBUG=1",
					"$(inherited)",
				);
				GCC_WARN_64_TO_32_BIT_CONVERSION = YES;
				GCC_WARN_ABOUT_RETURN_TYPE = YES_ERROR;
				GCC_WARN_UNDECLARED_SELECTOR = YES;
				GCC_WARN_UNINITIALIZED_AUTOS = YES_AGGRESSIVE;
				GCC_WARN_UNUSED_FUNCTION = YES;
				GCC_WARN_UNUSED_VARIABLE = YES;
				IPHONEOS_DEPLOYMENT_TARGET = 9.2;
				MTL_ENABLE_DEBUG_INFO = YES;
				ONLY_ACTIVE_ARCH = YES;
				SDKROOT = iphoneos;
				SWIFT_OPTIMIZATION_LEVEL = "-Onone";
				TARGETED_DEVICE_FAMILY = "1,2";
			};
			name = Debug;
		};
		FB438ED01C83D075009FA67E /* Release */ = {
			isa = XCBuildConfiguration;
			buildSettings = {
				ALWAYS_SEARCH_USER_PATHS = NO;
				CLANG_CXX_LANGUAGE_STANDARD = "gnu++0x";
				CLANG_CXX_LIBRARY = "libc++";
				CLANG_ENABLE_MODULES = YES;
				CLANG_ENABLE_OBJC_ARC = YES;
				CLANG_WARN_BOOL_CONVERSION = YES;
				CLANG_WARN_CONSTANT_CONVERSION = YES;
				CLANG_WARN_DIRECT_OBJC_ISA_USAGE = YES_ERROR;
				CLANG_WARN_EMPTY_BODY = YES;
				CLANG_WARN_ENUM_CONVERSION = YES;
				CLANG_WARN_INT_CONVERSION = YES;
				CLANG_WARN_OBJC_ROOT_CLASS = YES_ERROR;
				CLANG_WARN_UNREACHABLE_CODE = YES;
				CLANG_WARN__DUPLICATE_METHOD_MATCH = YES;
				"CODE_SIGN_IDENTITY[sdk=iphoneos*]" = "iPhone Developer";
				COPY_PHASE_STRIP = NO;
				DEBUG_INFORMATION_FORMAT = "dwarf-with-dsym";
				EMBEDDED_CONTENT_CONTAINS_SWIFT = YES;
				ENABLE_NS_ASSERTIONS = NO;
				ENABLE_STRICT_OBJC_MSGSEND = YES;
				GCC_C_LANGUAGE_STANDARD = gnu99;
				GCC_NO_COMMON_BLOCKS = YES;
				GCC_WARN_64_TO_32_BIT_CONVERSION = YES;
				GCC_WARN_ABOUT_RETURN_TYPE = YES_ERROR;
				GCC_WARN_UNDECLARED_SELECTOR = YES;
				GCC_WARN_UNINITIALIZED_AUTOS = YES_AGGRESSIVE;
				GCC_WARN_UNUSED_FUNCTION = YES;
				GCC_WARN_UNUSED_VARIABLE = YES;
				IPHONEOS_DEPLOYMENT_TARGET = 9.2;
				MTL_ENABLE_DEBUG_INFO = NO;
				SDKROOT = iphoneos;
				TARGETED_DEVICE_FAMILY = "1,2";
				VALIDATE_PRODUCT = YES;
			};
			name = Release;
		};
		FB438ED21C83D075009FA67E /* Debug */ = {
			isa = XCBuildConfiguration;
			baseConfigurationReference = 201235A61467E2CEE92DA631 /* Pods-RunCapture.debug.xcconfig */;
			buildSettings = {
				ASSETCATALOG_COMPILER_APPICON_NAME = AppIcon;
				CODE_SIGN_IDENTITY = "iPhone Developer";
				"CODE_SIGN_IDENTITY[sdk=iphoneos*]" = "iPhone Developer";
				EMBEDDED_CONTENT_CONTAINS_SWIFT = YES;
				INFOPLIST_FILE = RunCapture/Info.plist;
				LD_RUNPATH_SEARCH_PATHS = "$(inherited) @executable_path/Frameworks";
				PRODUCT_BUNDLE_IDENTIFIER = com.danielsauble.RunCapture;
				PRODUCT_NAME = "$(TARGET_NAME)";
				PROVISIONING_PROFILE = "";
			};
			name = Debug;
		};
		FB438ED31C83D075009FA67E /* Release */ = {
			isa = XCBuildConfiguration;
			baseConfigurationReference = 8FC6DDD182F03320F5C0E442 /* Pods-RunCapture.release.xcconfig */;
			buildSettings = {
				ASSETCATALOG_COMPILER_APPICON_NAME = AppIcon;
				CODE_SIGN_IDENTITY = "iPhone Developer";
				"CODE_SIGN_IDENTITY[sdk=iphoneos*]" = "iPhone Developer";
				EMBEDDED_CONTENT_CONTAINS_SWIFT = YES;
				INFOPLIST_FILE = RunCapture/Info.plist;
				LD_RUNPATH_SEARCH_PATHS = "$(inherited) @executable_path/Frameworks";
				PRODUCT_BUNDLE_IDENTIFIER = com.danielsauble.RunCapture;
				PRODUCT_NAME = "$(TARGET_NAME)";
				PROVISIONING_PROFILE = "";
			};
			name = Release;
		};
		FB438ED51C83D075009FA67E /* Debug */ = {
			isa = XCBuildConfiguration;
			baseConfigurationReference = 391A2414EEB22F7F6859239C /* Pods-RunCaptureTests.debug.xcconfig */;
			buildSettings = {
				BUNDLE_LOADER = "$(TEST_HOST)";
				INFOPLIST_FILE = RunCaptureTests/Info.plist;
				LD_RUNPATH_SEARCH_PATHS = "$(inherited) @executable_path/Frameworks @loader_path/Frameworks";
				PRODUCT_BUNDLE_IDENTIFIER = com.danielsauble.RunCaptureTests;
				PRODUCT_NAME = "$(TARGET_NAME)";
				TEST_HOST = "$(BUILT_PRODUCTS_DIR)/RunCapture.app/RunCapture";
			};
			name = Debug;
		};
		FB438ED61C83D075009FA67E /* Release */ = {
			isa = XCBuildConfiguration;
			baseConfigurationReference = DA2AF3430FEF4EB13138B869 /* Pods-RunCaptureTests.release.xcconfig */;
			buildSettings = {
				BUNDLE_LOADER = "$(TEST_HOST)";
				INFOPLIST_FILE = RunCaptureTests/Info.plist;
				LD_RUNPATH_SEARCH_PATHS = "$(inherited) @executable_path/Frameworks @loader_path/Frameworks";
				PRODUCT_BUNDLE_IDENTIFIER = com.danielsauble.RunCaptureTests;
				PRODUCT_NAME = "$(TARGET_NAME)";
				TEST_HOST = "$(BUILT_PRODUCTS_DIR)/RunCapture.app/RunCapture";
			};
			name = Release;
		};
		FB438ED81C83D075009FA67E /* Debug */ = {
			isa = XCBuildConfiguration;
			baseConfigurationReference = 2DA12389259173E4A05A0D15 /* Pods-RunCaptureUITests.debug.xcconfig */;
			buildSettings = {
				INFOPLIST_FILE = RunCaptureUITests/Info.plist;
				LD_RUNPATH_SEARCH_PATHS = "$(inherited) @executable_path/Frameworks @loader_path/Frameworks";
				PRODUCT_BUNDLE_IDENTIFIER = com.danielsauble.RunCaptureUITests;
				PRODUCT_NAME = "$(TARGET_NAME)";
				TEST_TARGET_NAME = RunCapture;
				USES_XCTRUNNER = YES;
			};
			name = Debug;
		};
		FB438ED91C83D075009FA67E /* Release */ = {
			isa = XCBuildConfiguration;
			baseConfigurationReference = FFEDBCAAED2AC6E4A3D0AA4E /* Pods-RunCaptureUITests.release.xcconfig */;
			buildSettings = {
				INFOPLIST_FILE = RunCaptureUITests/Info.plist;
				LD_RUNPATH_SEARCH_PATHS = "$(inherited) @executable_path/Frameworks @loader_path/Frameworks";
				PRODUCT_BUNDLE_IDENTIFIER = com.danielsauble.RunCaptureUITests;
				PRODUCT_NAME = "$(TARGET_NAME)";
				TEST_TARGET_NAME = RunCapture;
				USES_XCTRUNNER = YES;
			};
			name = Release;
		};
/* End XCBuildConfiguration section */

/* Begin XCConfigurationList section */
		FB438EA41C83D075009FA67E /* Build configuration list for PBXProject "RunCapture" */ = {
			isa = XCConfigurationList;
			buildConfigurations = (
				FB438ECF1C83D075009FA67E /* Debug */,
				FB438ED01C83D075009FA67E /* Release */,
			);
			defaultConfigurationIsVisible = 0;
			defaultConfigurationName = Release;
		};
		FB438ED11C83D075009FA67E /* Build configuration list for PBXNativeTarget "RunCapture" */ = {
			isa = XCConfigurationList;
			buildConfigurations = (
				FB438ED21C83D075009FA67E /* Debug */,
				FB438ED31C83D075009FA67E /* Release */,
			);
			defaultConfigurationIsVisible = 0;
			defaultConfigurationName = Release;
		};
		FB438ED41C83D075009FA67E /* Build configuration list for PBXNativeTarget "RunCaptureTests" */ = {
			isa = XCConfigurationList;
			buildConfigurations = (
				FB438ED51C83D075009FA67E /* Debug */,
				FB438ED61C83D075009FA67E /* Release */,
			);
			defaultConfigurationIsVisible = 0;
			defaultConfigurationName = Release;
		};
		FB438ED71C83D075009FA67E /* Build configuration list for PBXNativeTarget "RunCaptureUITests" */ = {
			isa = XCConfigurationList;
			buildConfigurations = (
				FB438ED81C83D075009FA67E /* Debug */,
				FB438ED91C83D075009FA67E /* Release */,
			);
			defaultConfigurationIsVisible = 0;
			defaultConfigurationName = Release;
		};
/* End XCConfigurationList section */
	};
	rootObject = FB438EA11C83D075009FA67E /* Project object */;
}
